
Microsoft Visual Studio Solution File, Format Version 12.00
# Visual Studio 2013
VisualStudioVersion = 12.0.21005.1
MinimumVisualStudioVersion = 10.0.40219.1
Project("{2150E333-8FDC-42A3-9474-1A3956D46DE8}") = "Engine", "Engine", "{E9FDEA91-13C9-43EF-91EE-112179CE4DF8}"
EndProject
Project("{2150E333-8FDC-42A3-9474-1A3956D46DE8}") = "Games", "Games", "{A34DB378-E8F7-47F1-AF37-530AFE824B7B}"
EndProject
Project("{8BC9CEB8-8B4A-11D0-8D11-00A0C91BC942}") = "UE4", "Intermediate\ProjectFiles\UE4.vcxproj", "{71485562-D8E1-4538-9BAD-D57970BB3B7F}"
EndProject
Project("{8BC9CEB8-8B4A-11D0-8D11-00A0C91BC942}") = "PlanningFramework", "Intermediate\ProjectFiles\PlanningFramework.vcxproj", "{75503F15-D29C-4CA2-AC8F-B7C811699E5E}"
EndProject
Global
	GlobalSection(SolutionConfigurationPlatforms) = preSolution
		DebugGame Editor|Win32 = DebugGame Editor|Win32
		DebugGame Editor|Win64 = DebugGame Editor|Win64
		DebugGame|Win32 = DebugGame|Win32
		DebugGame|Win64 = DebugGame|Win64
		Development Editor|Win32 = Development Editor|Win32
		Development Editor|Win64 = Development Editor|Win64
		Development|Win32 = Development|Win32
		Development|Win64 = Development|Win64
		Shipping|Win32 = Shipping|Win32
		Shipping|Win64 = Shipping|Win64
	EndGlobalSection
	GlobalSection(ProjectConfigurationPlatforms) = postSolution
		{71485562-D8E1-4538-9BAD-D57970BB3B7F}.DebugGame Editor|Win32.ActiveCfg = BuiltWithUnrealBuildTool|Win32
		{71485562-D8E1-4538-9BAD-D57970BB3B7F}.DebugGame Editor|Win32.Build.0 = BuiltWithUnrealBuildTool|Win32
		{71485562-D8E1-4538-9BAD-D57970BB3B7F}.DebugGame Editor|Win64.ActiveCfg = BuiltWithUnrealBuildTool|Win32
		{71485562-D8E1-4538-9BAD-D57970BB3B7F}.DebugGame|Win32.ActiveCfg = BuiltWithUnrealBuildTool|Win32
		{71485562-D8E1-4538-9BAD-D57970BB3B7F}.DebugGame|Win32.Build.0 = BuiltWithUnrealBuildTool|Win32
		{71485562-D8E1-4538-9BAD-D57970BB3B7F}.DebugGame|Win64.ActiveCfg = BuiltWithUnrealBuildTool|Win32
		{71485562-D8E1-4538-9BAD-D57970BB3B7F}.Development Editor|Win32.ActiveCfg = BuiltWithUnrealBuildTool|Win32
		{71485562-D8E1-4538-9BAD-D57970BB3B7F}.Development Editor|Win32.Build.0 = BuiltWithUnrealBuildTool|Win32
		{71485562-D8E1-4538-9BAD-D57970BB3B7F}.Development Editor|Win64.ActiveCfg = BuiltWithUnrealBuildTool|Win32
		{71485562-D8E1-4538-9BAD-D57970BB3B7F}.Development|Win32.ActiveCfg = BuiltWithUnrealBuildTool|Win32
		{71485562-D8E1-4538-9BAD-D57970BB3B7F}.Development|Win32.Build.0 = BuiltWithUnrealBuildTool|Win32
		{71485562-D8E1-4538-9BAD-D57970BB3B7F}.Development|Win64.ActiveCfg = BuiltWithUnrealBuildTool|Win32
		{71485562-D8E1-4538-9BAD-D57970BB3B7F}.Shipping|Win32.ActiveCfg = BuiltWithUnrealBuildTool|Win32
		{71485562-D8E1-4538-9BAD-D57970BB3B7F}.Shipping|Win32.Build.0 = BuiltWithUnrealBuildTool|Win32
		{71485562-D8E1-4538-9BAD-D57970BB3B7F}.Shipping|Win64.ActiveCfg = BuiltWithUnrealBuildTool|Win32
		{75503F15-D29C-4CA2-AC8F-B7C811699E5E}.DebugGame Editor|Win32.ActiveCfg = DebugGame_Editor|Win32
		{75503F15-D29C-4CA2-AC8F-B7C811699E5E}.DebugGame Editor|Win32.Build.0 = DebugGame_Editor|Win32
		{75503F15-D29C-4CA2-AC8F-B7C811699E5E}.DebugGame Editor|Win64.ActiveCfg = DebugGame_Editor|x64
		{75503F15-D29C-4CA2-AC8F-B7C811699E5E}.DebugGame Editor|Win64.Build.0 = DebugGame_Editor|x64
		{75503F15-D29C-4CA2-AC8F-B7C811699E5E}.DebugGame|Win32.ActiveCfg = DebugGame_Game|Win32
		{75503F15-D29C-4CA2-AC8F-B7C811699E5E}.DebugGame|Win32.Build.0 = DebugGame_Game|Win32
		{75503F15-D29C-4CA2-AC8F-B7C811699E5E}.DebugGame|Win64.ActiveCfg = DebugGame_Game|x64
		{75503F15-D29C-4CA2-AC8F-B7C811699E5E}.DebugGame|Win64.Build.0 = DebugGame_Game|x64
		{75503F15-D29C-4CA2-AC8F-B7C811699E5E}.Development Editor|Win32.ActiveCfg = Development_Editor|Win32
		{75503F15-D29C-4CA2-AC8F-B7C811699E5E}.Development Editor|Win32.Build.0 = Development_Editor|Win32
		{75503F15-D29C-4CA2-AC8F-B7C811699E5E}.Development Editor|Win64.ActiveCfg = Development_Editor|x64
		{75503F15-D29C-4CA2-AC8F-B7C811699E5E}.Development Editor|Win64.Build.0 = Development_Editor|x64
		{75503F15-D29C-4CA2-AC8F-B7C811699E5E}.Development|Win32.ActiveCfg = Development_Game|Win32
		{75503F15-D29C-4CA2-AC8F-B7C811699E5E}.Development|Win32.Build.0 = Development_Game|Win32
		{75503F15-D29C-4CA2-AC8F-B7C811699E5E}.Development|Win64.ActiveCfg = Development_Game|x64
		{75503F15-D29C-4CA2-AC8F-B7C811699E5E}.Development|Win64.Build.0 = Development_Game|x64
		{75503F15-D29C-4CA2-AC8F-B7C811699E5E}.Shipping|Win32.ActiveCfg = Shipping_Game|Win32
		{75503F15-D29C-4CA2-AC8F-B7C811699E5E}.Shipping|Win32.Build.0 = Shipping_Game|Win32
		{75503F15-D29C-4CA2-AC8F-B7C811699E5E}.Shipping|Win64.ActiveCfg = Shipping_Game|x64
		{75503F15-D29C-4CA2-AC8F-B7C811699E5E}.Shipping|Win64.Build.0 = Shipping_Game|x64
	EndGlobalSection
	GlobalSection(SolutionProperties) = preSolution
		HideSolutionNode = FALSE
	EndGlobalSection
	GlobalSection(NestedProjects) = preSolution
		{71485562-D8E1-4538-9BAD-D57970BB3B7F} = {E9FDEA91-13C9-43EF-91EE-112179CE4DF8}
		{75503F15-D29C-4CA2-AC8F-B7C811699E5E} = {A34DB378-E8F7-47F1-AF37-530AFE824B7B}
	EndGlobalSection
EndGlobal
